<?xml version="1.0" encoding="utf-8"?>
<Project ToolsVersion="4.0" xmlns="http://schemas.microsoft.com/developer/msbuild/2003">
  <ItemGroup>
    <Filter Include="源文件">
      <UniqueIdentifier>{985106dd-9934-44b6-8bb6-b6a70572d9d8}</UniqueIdentifier>
    </Filter>
    <Filter Include="生成的文件">
      <UniqueIdentifier>{9e838a16-d091-4f0b-a885-6cf7e26066a0}</UniqueIdentifier>
      <SourceControlFiles>False</SourceControlFiles>
    </Filter>
  </ItemGroup>
  <ItemGroup>
    <None Include="ATLSysHandleReaderps.def" />
  </ItemGroup>
  <ItemGroup>
    <ClCompile Include="ATLSysHandleReader_i.c">
      <Filter>生成的文件</Filter>
    </ClCompile>
    <ClCompile Include="ATLSysHandleReader_p.c">
      <Filter>生成的文件</Filter>
    </ClCompile>
    <ClCompile Include="dlldata.c">
      <Filter>生成的文件</Filter>
    </ClCompile>
  </ItemGroup>
</Project>